// !$*UTF8*$!
{
	archiveVersion = 1;
	classes = {
	};
	objectVersion = 46;
	objects = {

/* Begin PBXBuildFile section */
		306E2F63160F4A75008F93EC /* CardsViewController.m in Sources */ = {isa = PBXBuildFile; fileRef = 306E2F5C160F4A75008F93EC /* CardsViewController.m */; };
		306E2F64160F4A75008F93EC /* FilterViewController.m in Sources */ = {isa = PBXBuildFile; fileRef = 306E2F5E160F4A75008F93EC /* FilterViewController.m */; };
		306E2F65160F4A75008F93EC /* HersImagePickerController.m in Sources */ = {isa = PBXBuildFile; fileRef = 306E2F62160F4A75008F93EC /* HersImagePickerController.m */; };
		306E2F71160F4C54008F93EC /* MobileCoreServices.framework in Frameworks */ = {isa = PBXBuildFile; fileRef = 306E2F70160F4C54008F93EC /* MobileCoreServices.framework */; };
		30D9153916116D28007BE08F /* libGPUImage.a in Frameworks */ = {isa = PBXBuildFile; fileRef = 30D9153616116D1F007BE08F /* libGPUImage.a */; };
		30D9153B16116EB6007BE08F /* OpenGLES.framework in Frameworks */ = {isa = PBXBuildFile; fileRef = 30D9153A16116EB6007BE08F /* OpenGLES.framework */; };
		30D9153D16116EBE007BE08F /* QuartzCore.framework in Frameworks */ = {isa = PBXBuildFile; fileRef = 30D9153C16116EBE007BE08F /* QuartzCore.framework */; };
		30D9153F16116ECD007BE08F /* CoreMedia.framework in Frameworks */ = {isa = PBXBuildFile; fileRef = 30D9153E16116ECD007BE08F /* CoreMedia.framework */; };
		30D9154116116ED8007BE08F /* CoreVideo.framework in Frameworks */ = {isa = PBXBuildFile; fileRef = 30D9154016116ED8007BE08F /* CoreVideo.framework */; };
		30D9154316116EE0007BE08F /* AVFoundation.framework in Frameworks */ = {isa = PBXBuildFile; fileRef = 30D9154216116EE0007BE08F /* AVFoundation.framework */; };
		30FDEBEB160C61D9001F1C12 /* UIKit.framework in Frameworks */ = {isa = PBXBuildFile; fileRef = 30FDEBEA160C61D9001F1C12 /* UIKit.framework */; };
		30FDEBED160C61D9001F1C12 /* Foundation.framework in Frameworks */ = {isa = PBXBuildFile; fileRef = 30FDEBEC160C61D9001F1C12 /* Foundation.framework */; };
		30FDEBEF160C61D9001F1C12 /* CoreGraphics.framework in Frameworks */ = {isa = PBXBuildFile; fileRef = 30FDEBEE160C61D9001F1C12 /* CoreGraphics.framework */; };
		30FDEBF5160C61D9001F1C12 /* InfoPlist.strings in Resources */ = {isa = PBXBuildFile; fileRef = 30FDEBF3160C61D9001F1C12 /* InfoPlist.strings */; };
		30FDEBF7160C61D9001F1C12 /* main.m in Sources */ = {isa = PBXBuildFile; fileRef = 30FDEBF6160C61D9001F1C12 /* main.m */; };
		30FDEBFB160C61D9001F1C12 /* AppDelegate.m in Sources */ = {isa = PBXBuildFile; fileRef = 30FDEBFA160C61D9001F1C12 /* AppDelegate.m */; };
		30FDEBFD160C61D9001F1C12 /* Default.png in Resources */ = {isa = PBXBuildFile; fileRef = 30FDEBFC160C61D9001F1C12 /* Default.png */; };
		30FDEBFF160C61D9001F1C12 /* Default@2x.png in Resources */ = {isa = PBXBuildFile; fileRef = 30FDEBFE160C61D9001F1C12 /* Default@2x.png */; };
		30FDEC01160C61D9001F1C12 /* Default-568h@2x.png in Resources */ = {isa = PBXBuildFile; fileRef = 30FDEC00160C61D9001F1C12 /* Default-568h@2x.png */; };
/* End PBXBuildFile section */

/* Begin PBXContainerItemProxy section */
		30D9153516116D1F007BE08F /* PBXContainerItemProxy */ = {
			isa = PBXContainerItemProxy;
			containerPortal = 30D9152C16116D1F007BE08F /* GPUImage.xcodeproj */;
			proxyType = 2;
			remoteGlobalIDString = BCF1A33414DDB1EC00852800;
			remoteInfo = GPUImage;
		};
		30D9153716116D1F007BE08F /* PBXContainerItemProxy */ = {
			isa = PBXContainerItemProxy;
			containerPortal = 30D9152C16116D1F007BE08F /* GPUImage.xcodeproj */;
			proxyType = 2;
			remoteGlobalIDString = BCF1A34414DDB1EC00852800;
			remoteInfo = GPUImageTests;
		};
/* End PBXContainerItemProxy section */

/* Begin PBXFileReference section */
		306E2F5B160F4A75008F93EC /* CardsViewController.h */ = {isa = PBXFileReference; fileEncoding = 4; lastKnownFileType = sourcecode.c.h; path = CardsViewController.h; sourceTree = "<group>"; };
		306E2F5C160F4A75008F93EC /* CardsViewController.m */ = {isa = PBXFileReference; fileEncoding = 4; lastKnownFileType = sourcecode.c.objc; path = CardsViewController.m; sourceTree = "<group>"; };
		306E2F5D160F4A75008F93EC /* FilterViewController.h */ = {isa = PBXFileReference; fileEncoding = 4; lastKnownFileType = sourcecode.c.h; path = FilterViewController.h; sourceTree = "<group>"; };
		306E2F5E160F4A75008F93EC /* FilterViewController.m */ = {isa = PBXFileReference; fileEncoding = 4; lastKnownFileType = sourcecode.c.objc; path = FilterViewController.m; sourceTree = "<group>"; };
		306E2F61160F4A75008F93EC /* HersImagePickerController.h */ = {isa = PBXFileReference; fileEncoding = 4; lastKnownFileType = sourcecode.c.h; path = HersImagePickerController.h; sourceTree = "<group>"; };
		306E2F62160F4A75008F93EC /* HersImagePickerController.m */ = {isa = PBXFileReference; fileEncoding = 4; lastKnownFileType = sourcecode.c.objc; path = HersImagePickerController.m; sourceTree = "<group>"; };
		306E2F70160F4C54008F93EC /* MobileCoreServices.framework */ = {isa = PBXFileReference; lastKnownFileType = wrapper.framework; name = MobileCoreServices.framework; path = System/Library/Frameworks/MobileCoreServices.framework; sourceTree = SDKROOT; };
		30D9152C16116D1F007BE08F /* GPUImage.xcodeproj */ = {isa = PBXFileReference; lastKnownFileType = "wrapper.pb-project"; name = GPUImage.xcodeproj; path = postcards/ext/GPUImage/GPUImage.xcodeproj; sourceTree = "<group>"; };
		30D9153A16116EB6007BE08F /* OpenGLES.framework */ = {isa = PBXFileReference; lastKnownFileType = wrapper.framework; name = OpenGLES.framework; path = System/Library/Frameworks/OpenGLES.framework; sourceTree = SDKROOT; };
		30D9153C16116EBE007BE08F /* QuartzCore.framework */ = {isa = PBXFileReference; lastKnownFileType = wrapper.framework; name = QuartzCore.framework; path = System/Library/Frameworks/QuartzCore.framework; sourceTree = SDKROOT; };
		30D9153E16116ECD007BE08F /* CoreMedia.framework */ = {isa = PBXFileReference; lastKnownFileType = wrapper.framework; name = CoreMedia.framework; path = System/Library/Frameworks/CoreMedia.framework; sourceTree = SDKROOT; };
		30D9154016116ED8007BE08F /* CoreVideo.framework */ = {isa = PBXFileReference; lastKnownFileType = wrapper.framework; name = CoreVideo.framework; path = System/Library/Frameworks/CoreVideo.framework; sourceTree = SDKROOT; };
		30D9154216116EE0007BE08F /* AVFoundation.framework */ = {isa = PBXFileReference; lastKnownFileType = wrapper.framework; name = AVFoundation.framework; path = System/Library/Frameworks/AVFoundation.framework; sourceTree = SDKROOT; };
		30FDEBE6160C61D9001F1C12 /* postcards.app */ = {isa = PBXFileReference; explicitFileType = wrapper.application; includeInIndex = 0; path = postcards.app; sourceTree = BUILT_PRODUCTS_DIR; };
		30FDEBEA160C61D9001F1C12 /* UIKit.framework */ = {isa = PBXFileReference; lastKnownFileType = wrapper.framework; name = UIKit.framework; path = System/Library/Frameworks/UIKit.framework; sourceTree = SDKROOT; };
		30FDEBEC160C61D9001F1C12 /* Foundation.framework */ = {isa = PBXFileReference; lastKnownFileType = wrapper.framework; name = Foundation.framework; path = System/Library/Frameworks/Foundation.framework; sourceTree = SDKROOT; };
		30FDEBEE160C61D9001F1C12 /* CoreGraphics.framework */ = {isa = PBXFileReference; lastKnownFileType = wrapper.framework; name = CoreGraphics.framework; path = System/Library/Frameworks/CoreGraphics.framework; sourceTree = SDKROOT; };
		30FDEBF2160C61D9001F1C12 /* postcards-Info.plist */ = {isa = PBXFileReference; lastKnownFileType = text.plist.xml; path = "postcards-Info.plist"; sourceTree = "<group>"; };
		30FDEBF4160C61D9001F1C12 /* en */ = {isa = PBXFileReference; lastKnownFileType = text.plist.strings; name = en; path = en.lproj/InfoPlist.strings; sourceTree = "<group>"; };
		30FDEBF6160C61D9001F1C12 /* main.m */ = {isa = PBXFileReference; lastKnownFileType = sourcecode.c.objc; path = main.m; sourceTree = "<group>"; };
		30FDEBF8160C61D9001F1C12 /* postcards-Prefix.pch */ = {isa = PBXFileReference; lastKnownFileType = sourcecode.c.h; path = "postcards-Prefix.pch"; sourceTree = "<group>"; };
		30FDEBF9160C61D9001F1C12 /* AppDelegate.h */ = {isa = PBXFileReference; lastKnownFileType = sourcecode.c.h; path = AppDelegate.h; sourceTree = "<group>"; };
		30FDEBFA160C61D9001F1C12 /* AppDelegate.m */ = {isa = PBXFileReference; lastKnownFileType = sourcecode.c.objc; path = AppDelegate.m; sourceTree = "<group>"; };
		30FDEBFC160C61D9001F1C12 /* Default.png */ = {isa = PBXFileReference; lastKnownFileType = image.png; path = Default.png; sourceTree = "<group>"; };
		30FDEBFE160C61D9001F1C12 /* Default@2x.png */ = {isa = PBXFileReference; lastKnownFileType = image.png; path = "Default@2x.png"; sourceTree = "<group>"; };
		30FDEC00160C61D9001F1C12 /* Default-568h@2x.png */ = {isa = PBXFileReference; lastKnownFileType = image.png; path = "Default-568h@2x.png"; sourceTree = "<group>"; };
/* End PBXFileReference section */

/* Begin PBXFrameworksBuildPhase section */
		30FDEBE3160C61D9001F1C12 /* Frameworks */ = {
			isa = PBXFrameworksBuildPhase;
			buildActionMask = 2147483647;
			files = (
				30D9154316116EE0007BE08F /* AVFoundation.framework in Frameworks */,
				30D9154116116ED8007BE08F /* CoreVideo.framework in Frameworks */,
				30D9153F16116ECD007BE08F /* CoreMedia.framework in Frameworks */,
				30D9153D16116EBE007BE08F /* QuartzCore.framework in Frameworks */,
				30D9153B16116EB6007BE08F /* OpenGLES.framework in Frameworks */,
				30D9153916116D28007BE08F /* libGPUImage.a in Frameworks */,
				306E2F71160F4C54008F93EC /* MobileCoreServices.framework in Frameworks */,
				30FDEBEB160C61D9001F1C12 /* UIKit.framework in Frameworks */,
				30FDEBED160C61D9001F1C12 /* Foundation.framework in Frameworks */,
				30FDEBEF160C61D9001F1C12 /* CoreGraphics.framework in Frameworks */,
			);
			runOnlyForDeploymentPostprocessing = 0;
		};
/* End PBXFrameworksBuildPhase section */

/* Begin PBXGroup section */
		306E2F5A160F4A75008F93EC /* controllers */ = {
			isa = PBXGroup;
			children = (
				306E2F5B160F4A75008F93EC /* CardsViewController.h */,
				306E2F5C160F4A75008F93EC /* CardsViewController.m */,
				306E2F5D160F4A75008F93EC /* FilterViewController.h */,
				306E2F5E160F4A75008F93EC /* FilterViewController.m */,
			);
			path = controllers;
			sourceTree = "<group>";
		};
		306E2F5F160F4A75008F93EC /* ext */ = {
			isa = PBXGroup;
			children = (
				306E2F60160F4A75008F93EC /* imagepicker */,
			);
			path = ext;
			sourceTree = "<group>";
		};
		306E2F60160F4A75008F93EC /* imagepicker */ = {
			isa = PBXGroup;
			children = (
				306E2F61160F4A75008F93EC /* HersImagePickerController.h */,
				306E2F62160F4A75008F93EC /* HersImagePickerController.m */,
			);
			path = imagepicker;
			sourceTree = "<group>";
		};
		30D9152D16116D1F007BE08F /* Products */ = {
			isa = PBXGroup;
			children = (
				30D9153616116D1F007BE08F /* libGPUImage.a */,
				30D9153816116D1F007BE08F /* GPUImageTests.octest */,
			);
			name = Products;
			sourceTree = "<group>";
		};
		30FDEBDB160C61D9001F1C12 = {
			isa = PBXGroup;
			children = (
				30FDEBF0160C61D9001F1C12 /* postcards */,
				30FDEBE9160C61D9001F1C12 /* Frameworks */,
				30FDEBE7160C61D9001F1C12 /* Products */,
			);
			sourceTree = "<group>";
		};
		30FDEBE7160C61D9001F1C12 /* Products */ = {
			isa = PBXGroup;
			children = (
				30FDEBE6160C61D9001F1C12 /* postcards.app */,
			);
			name = Products;
			sourceTree = "<group>";
		};
		30FDEBE9160C61D9001F1C12 /* Frameworks */ = {
			isa = PBXGroup;
			children = (
				30D9152C16116D1F007BE08F /* GPUImage.xcodeproj */,
				30D9154216116EE0007BE08F /* AVFoundation.framework */,
				30D9154016116ED8007BE08F /* CoreVideo.framework */,
				30D9153E16116ECD007BE08F /* CoreMedia.framework */,
				30D9153C16116EBE007BE08F /* QuartzCore.framework */,
				30D9153A16116EB6007BE08F /* OpenGLES.framework */,
				306E2F70160F4C54008F93EC /* MobileCoreServices.framework */,
				30FDEBEA160C61D9001F1C12 /* UIKit.framework */,
				30FDEBEC160C61D9001F1C12 /* Foundation.framework */,
				30FDEBEE160C61D9001F1C12 /* CoreGraphics.framework */,
			);
			name = Frameworks;
			sourceTree = "<group>";
		};
		30FDEBF0160C61D9001F1C12 /* postcards */ = {
			isa = PBXGroup;
			children = (
				306E2F5A160F4A75008F93EC /* controllers */,
				306E2F5F160F4A75008F93EC /* ext */,
				30FDEBF9160C61D9001F1C12 /* AppDelegate.h */,
				30FDEBFA160C61D9001F1C12 /* AppDelegate.m */,
				30FDEBF1160C61D9001F1C12 /* Supporting Files */,
			);
			path = postcards;
			sourceTree = "<group>";
		};
		30FDEBF1160C61D9001F1C12 /* Supporting Files */ = {
			isa = PBXGroup;
			children = (
				30FDEBF2160C61D9001F1C12 /* postcards-Info.plist */,
				30FDEBF3160C61D9001F1C12 /* InfoPlist.strings */,
				30FDEBF6160C61D9001F1C12 /* main.m */,
				30FDEBF8160C61D9001F1C12 /* postcards-Prefix.pch */,
				30FDEBFC160C61D9001F1C12 /* Default.png */,
				30FDEBFE160C61D9001F1C12 /* Default@2x.png */,
				30FDEC00160C61D9001F1C12 /* Default-568h@2x.png */,
			);
			name = "Supporting Files";
			sourceTree = "<group>";
		};
/* End PBXGroup section */

/* Begin PBXNativeTarget section */
		30FDEBE5160C61D9001F1C12 /* postcards */ = {
			isa = PBXNativeTarget;
			buildConfigurationList = 30FDEC04160C61D9001F1C12 /* Build configuration list for PBXNativeTarget "postcards" */;
			buildPhases = (
				30FDEBE2160C61D9001F1C12 /* Sources */,
				30FDEBE3160C61D9001F1C12 /* Frameworks */,
				30FDEBE4160C61D9001F1C12 /* Resources */,
			);
			buildRules = (
			);
			dependencies = (
			);
			name = postcards;
			productName = postcards;
			productReference = 30FDEBE6160C61D9001F1C12 /* postcards.app */;
			productType = "com.apple.product-type.application";
		};
/* End PBXNativeTarget section */

/* Begin PBXProject section */
		30FDEBDD160C61D9001F1C12 /* Project object */ = {
			isa = PBXProject;
			attributes = {
				LastUpgradeCheck = 0450;
				ORGANIZATIONNAME = "Huang Pengxiao";
			};
			buildConfigurationList = 30FDEBE0160C61D9001F1C12 /* Build configuration list for PBXProject "postcards" */;
			compatibilityVersion = "Xcode 3.2";
			developmentRegion = English;
			hasScannedForEncodings = 0;
			knownRegions = (
				en,
			);
			mainGroup = 30FDEBDB160C61D9001F1C12;
			productRefGroup = 30FDEBE7160C61D9001F1C12 /* Products */;
			projectDirPath = "";
			projectReferences = (
				{
					ProductGroup = 30D9152D16116D1F007BE08F /* Products */;
					ProjectRef = 30D9152C16116D1F007BE08F /* GPUImage.xcodeproj */;
				},
			);
			projectRoot = "";
			targets = (
				30FDEBE5160C61D9001F1C12 /* postcards */,
			);
		};
/* End PBXProject section */

/* Begin PBXReferenceProxy section */
		30D9153616116D1F007BE08F /* libGPUImage.a */ = {
			isa = PBXReferenceProxy;
			fileType = archive.ar;
			path = libGPUImage.a;
			remoteRef = 30D9153516116D1F007BE08F /* PBXContainerItemProxy */;
			sourceTree = BUILT_PRODUCTS_DIR;
		};
		30D9153816116D1F007BE08F /* GPUImageTests.octest */ = {
			isa = PBXReferenceProxy;
			fileType = wrapper.cfbundle;
			path = GPUImageTests.octest;
			remoteRef = 30D9153716116D1F007BE08F /* PBXContainerItemProxy */;
			sourceTree = BUILT_PRODUCTS_DIR;
		};
/* End PBXReferenceProxy section */

/* Begin PBXResourcesBuildPhase section */
		30FDEBE4160C61D9001F1C12 /* Resources */ = {
			isa = PBXResourcesBuildPhase;
			buildActionMask = 2147483647;
			files = (
				30FDEBF5160C61D9001F1C12 /* InfoPlist.strings in Resources */,
				30FDEBFD160C61D9001F1C12 /* Default.png in Resources */,
				30FDEBFF160C61D9001F1C12 /* Default@2x.png in Resources */,
				30FDEC01160C61D9001F1C12 /* Default-568h@2x.png in Resources */,
			);
			runOnlyForDeploymentPostprocessing = 0;
		};
/* End PBXResourcesBuildPhase section */

/* Begin PBXSourcesBuildPhase section */
		30FDEBE2160C61D9001F1C12 /* Sources */ = {
			isa = PBXSourcesBuildPhase;
			buildActionMask = 2147483647;
			files = (
				30FDEBF7160C61D9001F1C12 /* main.m in Sources */,
				30FDEBFB160C61D9001F1C12 /* AppDelegate.m in Sources */,
				306E2F63160F4A75008F93EC /* CardsViewController.m in Sources */,
				306E2F64160F4A75008F93EC /* FilterViewController.m in Sources */,
				306E2F65160F4A75008F93EC /* HersImagePickerController.m in Sources */,
			);
			runOnlyForDeploymentPostprocessing = 0;
		};
/* End PBXSourcesBuildPhase section */

/* Begin PBXVariantGroup section */
		30FDEBF3160C61D9001F1C12 /* InfoPlist.strings */ = {
			isa = PBXVariantGroup;
			children = (
				30FDEBF4160C61D9001F1C12 /* en */,
			);
			name = InfoPlist.strings;
			sourceTree = "<group>";
		};
/* End PBXVariantGroup section */

/* Begin XCBuildConfiguration section */
		30FDEC02160C61D9001F1C12 /* Debug */ = {
			isa = XCBuildConfiguration;
			buildSettings = {
				ALWAYS_SEARCH_USER_PATHS = NO;
				CLANG_CXX_LANGUAGE_STANDARD = "gnu++0x";
				CLANG_CXX_LIBRARY = "libc++";
				CLANG_WARN_EMPTY_BODY = YES;
				CLANG_WARN__DUPLICATE_METHOD_MATCH = YES;
				"CODE_SIGN_IDENTITY[sdk=iphoneos*]" = "iPhone Developer";
				COPY_PHASE_STRIP = NO;
				GCC_C_LANGUAGE_STANDARD = gnu99;
				GCC_DYNAMIC_NO_PIC = NO;
				GCC_OPTIMIZATION_LEVEL = 0;
				GCC_PREPROCESSOR_DEFINITIONS = (
					"DEBUG=1",
					"$(inherited)",
				);
				GCC_SYMBOLS_PRIVATE_EXTERN = NO;
				GCC_WARN_ABOUT_RETURN_TYPE = YES;
				GCC_WARN_UNINITIALIZED_AUTOS = YES;
				GCC_WARN_UNUSED_VARIABLE = YES;
				IPHONEOS_DEPLOYMENT_TARGET = 6.0;
				SDKROOT = iphoneos;
				TARGETED_DEVICE_FAMILY = "1,2";
			};
			name = Debug;
		};
		30FDEC03160C61D9001F1C12 /* Release */ = {
			isa = XCBuildConfiguration;
			buildSettings = {
				ALWAYS_SEARCH_USER_PATHS = NO;
				CLANG_CXX_LANGUAGE_STANDARD = "gnu++0x";
				CLANG_CXX_LIBRARY = "libc++";
				CLANG_WARN_EMPTY_BODY = YES;
				CLANG_WARN__DUPLICATE_METHOD_MATCH = YES;
				"CODE_SIGN_IDENTITY[sdk=iphoneos*]" = "iPhone Developer";
				COPY_PHASE_STRIP = YES;
				GCC_C_LANGUAGE_STANDARD = gnu99;
				GCC_WARN_ABOUT_RETURN_TYPE = YES;
				GCC_WARN_UNINITIALIZED_AUTOS = YES;
				GCC_WARN_UNUSED_VARIABLE = YES;
				IPHONEOS_DEPLOYMENT_TARGET = 6.0;
				OTHER_CFLAGS = "-DNS_BLOCK_ASSERTIONS=1";
				SDKROOT = iphoneos;
				TARGETED_DEVICE_FAMILY = "1,2";
				VALIDATE_PRODUCT = YES;
			};
			name = Release;
		};
		30FDEC05160C61D9001F1C12 /* Debug */ = {
			isa = XCBuildConfiguration;
			buildSettings = {
				GCC_PRECOMPILE_PREFIX_HEADER = YES;
				GCC_PREFIX_HEADER = "postcards/postcards-Prefix.pch";
				HEADER_SEARCH_PATHS = "./postcards/ext/GPUImage/**";
				INFOPLIST_FILE = "postcards/postcards-Info.plist";
				IPHONEOS_DEPLOYMENT_TARGET = 4.3;
				PRODUCT_NAME = "$(TARGET_NAME)";
				WRAPPER_EXTENSION = app;
			};
			name = Debug;
		};
		30FDEC06160C61D9001F1C12 /* Release */ = {
			isa = XCBuildConfiguration;
			buildSettings = {
				GCC_PRECOMPILE_PREFIX_HEADER = YES;
				GCC_PREFIX_HEADER = "postcards/postcards-Prefix.pch";
				HEADER_SEARCH_PATHS = "./postcards/ext/GPUImage/**";
				INFOPLIST_FILE = "postcards/postcards-Info.plist";
				IPHONEOS_DEPLOYMENT_TARGET = 4.3;
				PRODUCT_NAME = "$(TARGET_NAME)";
				WRAPPER_EXTENSION = app;
			};
			name = Release;
		};
/* End XCBuildConfiguration section */

/* Begin XCConfigurationList section */
		30FDEBE0160C61D9001F1C12 /* Build configuration list for PBXProject "postcards" */ = {
			isa = XCConfigurationList;
			buildConfigurations = (
				30FDEC02160C61D9001F1C12 /* Debug */,
				30FDEC03160C61D9001F1C12 /* Release */,
			);
			defaultConfigurationIsVisible = 0;
			defaultConfigurationName = Release;
		};
		30FDEC04160C61D9001F1C12 /* Build configuration list for PBXNativeTarget "postcards" */ = {
			isa = XCConfigurationList;
			buildConfigurations = (
				30FDEC05160C61D9001F1C12 /* Debug */,
				30FDEC06160C61D9001F1C12 /* Release */,
			);
			defaultConfigurationIsVisible = 0;
			defaultConfigurationName = Release;
		};
/* End XCConfigurationList section */
	};
	rootObject = 30FDEBDD160C61D9001F1C12 /* Project object */;
}
