// !$*UTF8*$!
{
	archiveVersion = 1;
	classes = {
	};
	objectVersion = 46;
	objects = {

/* Begin PBXBuildFile section */
		30FDEBEB160C61D9001F1C12 /* UIKit.framework in Frameworks */ = {isa = PBXBuildFile; fileRef = 30FDEBEA160C61D9001F1C12 /* UIKit.framework */; };
		30FDEBED160C61D9001F1C12 /* Foundation.framework in Frameworks */ = {isa = PBXBuildFile; fileRef = 30FDEBEC160C61D9001F1C12 /* Foundation.framework */; };
		30FDEBEF160C61D9001F1C12 /* CoreGraphics.framework in Frameworks */ = {isa = PBXBuildFile; fileRef = 30FDEBEE160C61D9001F1C12 /* CoreGraphics.framework */; };
		30FDEBF5160C61D9001F1C12 /* InfoPlist.strings in Resources */ = {isa = PBXBuildFile; fileRef = 30FDEBF3160C61D9001F1C12 /* InfoPlist.strings */; };
		30FDEBF7160C61D9001F1C12 /* main.m in Sources */ = {isa = PBXBuildFile; fileRef = 30FDEBF6160C61D9001F1C12 /* main.m */; };
		30FDEBFB160C61D9001F1C12 /* AppDelegate.m in Sources */ = {isa = PBXBuildFile; fileRef = 30FDEBFA160C61D9001F1C12 /* AppDelegate.m */; };
		30FDEBFD160C61D9001F1C12 /* Default.png in Resources */ = {isa = PBXBuildFile; fileRef = 30FDEBFC160C61D9001F1C12 /* Default.png */; };
		30FDEBFF160C61D9001F1C12 /* Default@2x.png in Resources */ = {isa = PBXBuildFile; fileRef = 30FDEBFE160C61D9001F1C12 /* Default@2x.png */; };
		30FDEC01160C61D9001F1C12 /* Default-568h@2x.png in Resources */ = {isa = PBXBuildFile; fileRef = 30FDEC00160C61D9001F1C12 /* Default-568h@2x.png */; };
		30FDEC09160C700D001F1C12 /* CardsViewController.m in Sources */ = {isa = PBXBuildFile; fileRef = 30FDEC08160C700D001F1C12 /* CardsViewController.m */; };
		30FDEC0C160C7550001F1C12 /* FilterViewController.m in Sources */ = {isa = PBXBuildFile; fileRef = 30FDEC0B160C7550001F1C12 /* FilterViewController.m */; };
/* End PBXBuildFile section */

/* Begin PBXFileReference section */
		30FDEBE6160C61D9001F1C12 /* postcards.app */ = {isa = PBXFileReference; explicitFileType = wrapper.application; includeInIndex = 0; path = postcards.app; sourceTree = BUILT_PRODUCTS_DIR; };
		30FDEBEA160C61D9001F1C12 /* UIKit.framework */ = {isa = PBXFileReference; lastKnownFileType = wrapper.framework; name = UIKit.framework; path = System/Library/Frameworks/UIKit.framework; sourceTree = SDKROOT; };
		30FDEBEC160C61D9001F1C12 /* Foundation.framework */ = {isa = PBXFileReference; lastKnownFileType = wrapper.framework; name = Foundation.framework; path = System/Library/Frameworks/Foundation.framework; sourceTree = SDKROOT; };
		30FDEBEE160C61D9001F1C12 /* CoreGraphics.framework */ = {isa = PBXFileReference; lastKnownFileType = wrapper.framework; name = CoreGraphics.framework; path = System/Library/Frameworks/CoreGraphics.framework; sourceTree = SDKROOT; };
		30FDEBF2160C61D9001F1C12 /* postcards-Info.plist */ = {isa = PBXFileReference; lastKnownFileType = text.plist.xml; path = "postcards-Info.plist"; sourceTree = "<group>"; };
		30FDEBF4160C61D9001F1C12 /* en */ = {isa = PBXFileReference; lastKnownFileType = text.plist.strings; name = en; path = en.lproj/InfoPlist.strings; sourceTree = "<group>"; };
		30FDEBF6160C61D9001F1C12 /* main.m */ = {isa = PBXFileReference; lastKnownFileType = sourcecode.c.objc; path = main.m; sourceTree = "<group>"; };
		30FDEBF8160C61D9001F1C12 /* postcards-Prefix.pch */ = {isa = PBXFileReference; lastKnownFileType = sourcecode.c.h; path = "postcards-Prefix.pch"; sourceTree = "<group>"; };
		30FDEBF9160C61D9001F1C12 /* AppDelegate.h */ = {isa = PBXFileReference; lastKnownFileType = sourcecode.c.h; path = AppDelegate.h; sourceTree = "<group>"; };
		30FDEBFA160C61D9001F1C12 /* AppDelegate.m */ = {isa = PBXFileReference; lastKnownFileType = sourcecode.c.objc; path = AppDelegate.m; sourceTree = "<group>"; };
		30FDEBFC160C61D9001F1C12 /* Default.png */ = {isa = PBXFileReference; lastKnownFileType = image.png; path = Default.png; sourceTree = "<group>"; };
		30FDEBFE160C61D9001F1C12 /* Default@2x.png */ = {isa = PBXFileReference; lastKnownFileType = image.png; path = "Default@2x.png"; sourceTree = "<group>"; };
		30FDEC00160C61D9001F1C12 /* Default-568h@2x.png */ = {isa = PBXFileReference; lastKnownFileType = image.png; path = "Default-568h@2x.png"; sourceTree = "<group>"; };
		30FDEC07160C700D001F1C12 /* CardsViewController.h */ = {isa = PBXFileReference; fileEncoding = 4; lastKnownFileType = sourcecode.c.h; path = CardsViewController.h; sourceTree = "<group>"; };
		30FDEC08160C700D001F1C12 /* CardsViewController.m */ = {isa = PBXFileReference; fileEncoding = 4; lastKnownFileType = sourcecode.c.objc; path = CardsViewController.m; sourceTree = "<group>"; };
		30FDEC0A160C7550001F1C12 /* FilterViewController.h */ = {isa = PBXFileReference; fileEncoding = 4; lastKnownFileType = sourcecode.c.h; path = FilterViewController.h; sourceTree = "<group>"; };
		30FDEC0B160C7550001F1C12 /* FilterViewController.m */ = {isa = PBXFileReference; fileEncoding = 4; lastKnownFileType = sourcecode.c.objc; path = FilterViewController.m; sourceTree = "<group>"; };
/* End PBXFileReference section */

/* Begin PBXFrameworksBuildPhase section */
		30FDEBE3160C61D9001F1C12 /* Frameworks */ = {
			isa = PBXFrameworksBuildPhase;
			buildActionMask = 2147483647;
			files = (
				30FDEBEB160C61D9001F1C12 /* UIKit.framework in Frameworks */,
				30FDEBED160C61D9001F1C12 /* Foundation.framework in Frameworks */,
				30FDEBEF160C61D9001F1C12 /* CoreGraphics.framework in Frameworks */,
			);
			runOnlyForDeploymentPostprocessing = 0;
		};
/* End PBXFrameworksBuildPhase section */

/* Begin PBXGroup section */
		30FDEBDB160C61D9001F1C12 = {
			isa = PBXGroup;
			children = (
				30FDEBF0160C61D9001F1C12 /* postcards */,
				30FDEBE9160C61D9001F1C12 /* Frameworks */,
				30FDEBE7160C61D9001F1C12 /* Products */,
			);
			sourceTree = "<group>";
		};
		30FDEBE7160C61D9001F1C12 /* Products */ = {
			isa = PBXGroup;
			children = (
				30FDEBE6160C61D9001F1C12 /* postcards.app */,
			);
			name = Products;
			sourceTree = "<group>";
		};
		30FDEBE9160C61D9001F1C12 /* Frameworks */ = {
			isa = PBXGroup;
			children = (
				30FDEBEA160C61D9001F1C12 /* UIKit.framework */,
				30FDEBEC160C61D9001F1C12 /* Foundation.framework */,
				30FDEBEE160C61D9001F1C12 /* CoreGraphics.framework */,
			);
			name = Frameworks;
			sourceTree = "<group>";
		};
		30FDEBF0160C61D9001F1C12 /* postcards */ = {
			isa = PBXGroup;
			children = (
				30FDEBF9160C61D9001F1C12 /* AppDelegate.h */,
				30FDEBFA160C61D9001F1C12 /* AppDelegate.m */,
				30FDEC07160C700D001F1C12 /* CardsViewController.h */,
				30FDEC08160C700D001F1C12 /* CardsViewController.m */,
				30FDEC0A160C7550001F1C12 /* FilterViewController.h */,
				30FDEC0B160C7550001F1C12 /* FilterViewController.m */,
				30FDEBF1160C61D9001F1C12 /* Supporting Files */,
			);
			path = postcards;
			sourceTree = "<group>";
		};
		30FDEBF1160C61D9001F1C12 /* Supporting Files */ = {
			isa = PBXGroup;
			children = (
				30FDEBF2160C61D9001F1C12 /* postcards-Info.plist */,
				30FDEBF3160C61D9001F1C12 /* InfoPlist.strings */,
				30FDEBF6160C61D9001F1C12 /* main.m */,
				30FDEBF8160C61D9001F1C12 /* postcards-Prefix.pch */,
				30FDEBFC160C61D9001F1C12 /* Default.png */,
				30FDEBFE160C61D9001F1C12 /* Default@2x.png */,
				30FDEC00160C61D9001F1C12 /* Default-568h@2x.png */,
			);
			name = "Supporting Files";
			sourceTree = "<group>";
		};
/* End PBXGroup section */

/* Begin PBXNativeTarget section */
		30FDEBE5160C61D9001F1C12 /* postcards */ = {
			isa = PBXNativeTarget;
			buildConfigurationList = 30FDEC04160C61D9001F1C12 /* Build configuration list for PBXNativeTarget "postcards" */;
			buildPhases = (
				30FDEBE2160C61D9001F1C12 /* Sources */,
				30FDEBE3160C61D9001F1C12 /* Frameworks */,
				30FDEBE4160C61D9001F1C12 /* Resources */,
			);
			buildRules = (
			);
			dependencies = (
			);
			name = postcards;
			productName = postcards;
			productReference = 30FDEBE6160C61D9001F1C12 /* postcards.app */;
			productType = "com.apple.product-type.application";
		};
/* End PBXNativeTarget section */

/* Begin PBXProject section */
		30FDEBDD160C61D9001F1C12 /* Project object */ = {
			isa = PBXProject;
			attributes = {
				LastUpgradeCheck = 0450;
				ORGANIZATIONNAME = "Huang Pengxiao";
			};
			buildConfigurationList = 30FDEBE0160C61D9001F1C12 /* Build configuration list for PBXProject "postcards" */;
			compatibilityVersion = "Xcode 3.2";
			developmentRegion = English;
			hasScannedForEncodings = 0;
			knownRegions = (
				en,
			);
			mainGroup = 30FDEBDB160C61D9001F1C12;
			productRefGroup = 30FDEBE7160C61D9001F1C12 /* Products */;
			projectDirPath = "";
			projectRoot = "";
			targets = (
				30FDEBE5160C61D9001F1C12 /* postcards */,
			);
		};
/* End PBXProject section */

/* Begin PBXResourcesBuildPhase section */
		30FDEBE4160C61D9001F1C12 /* Resources */ = {
			isa = PBXResourcesBuildPhase;
			buildActionMask = 2147483647;
			files = (
				30FDEBF5160C61D9001F1C12 /* InfoPlist.strings in Resources */,
				30FDEBFD160C61D9001F1C12 /* Default.png in Resources */,
				30FDEBFF160C61D9001F1C12 /* Default@2x.png in Resources */,
				30FDEC01160C61D9001F1C12 /* Default-568h@2x.png in Resources */,
			);
			runOnlyForDeploymentPostprocessing = 0;
		};
/* End PBXResourcesBuildPhase section */

/* Begin PBXSourcesBuildPhase section */
		30FDEBE2160C61D9001F1C12 /* Sources */ = {
			isa = PBXSourcesBuildPhase;
			buildActionMask = 2147483647;
			files = (
				30FDEBF7160C61D9001F1C12 /* main.m in Sources */,
				30FDEBFB160C61D9001F1C12 /* AppDelegate.m in Sources */,
				30FDEC09160C700D001F1C12 /* CardsViewController.m in Sources */,
				30FDEC0C160C7550001F1C12 /* FilterViewController.m in Sources */,
			);
			runOnlyForDeploymentPostprocessing = 0;
		};
/* End PBXSourcesBuildPhase section */

/* Begin PBXVariantGroup section */
		30FDEBF3160C61D9001F1C12 /* InfoPlist.strings */ = {
			isa = PBXVariantGroup;
			children = (
				30FDEBF4160C61D9001F1C12 /* en */,
			);
			name = InfoPlist.strings;
			sourceTree = "<group>";
		};
/* End PBXVariantGroup section */

/* Begin XCBuildConfiguration section */
		30FDEC02160C61D9001F1C12 /* Debug */ = {
			isa = XCBuildConfiguration;
			buildSettings = {
				ALWAYS_SEARCH_USER_PATHS = NO;
				CLANG_CXX_LANGUAGE_STANDARD = "gnu++0x";
				CLANG_CXX_LIBRARY = "libc++";
				CLANG_WARN_EMPTY_BODY = YES;
				CLANG_WARN__DUPLICATE_METHOD_MATCH = YES;
				"CODE_SIGN_IDENTITY[sdk=iphoneos*]" = "iPhone Developer";
				COPY_PHASE_STRIP = NO;
				GCC_C_LANGUAGE_STANDARD = gnu99;
				GCC_DYNAMIC_NO_PIC = NO;
				GCC_OPTIMIZATION_LEVEL = 0;
				GCC_PREPROCESSOR_DEFINITIONS = (
					"DEBUG=1",
					"$(inherited)",
				);
				GCC_SYMBOLS_PRIVATE_EXTERN = NO;
				GCC_WARN_ABOUT_RETURN_TYPE = YES;
				GCC_WARN_UNINITIALIZED_AUTOS = YES;
				GCC_WARN_UNUSED_VARIABLE = YES;
				IPHONEOS_DEPLOYMENT_TARGET = 6.0;
				SDKROOT = iphoneos;
				TARGETED_DEVICE_FAMILY = "1,2";
			};
			name = Debug;
		};
		30FDEC03160C61D9001F1C12 /* Release */ = {
			isa = XCBuildConfiguration;
			buildSettings = {
				ALWAYS_SEARCH_USER_PATHS = NO;
				CLANG_CXX_LANGUAGE_STANDARD = "gnu++0x";
				CLANG_CXX_LIBRARY = "libc++";
				CLANG_WARN_EMPTY_BODY = YES;
				CLANG_WARN__DUPLICATE_METHOD_MATCH = YES;
				"CODE_SIGN_IDENTITY[sdk=iphoneos*]" = "iPhone Developer";
				COPY_PHASE_STRIP = YES;
				GCC_C_LANGUAGE_STANDARD = gnu99;
				GCC_WARN_ABOUT_RETURN_TYPE = YES;
				GCC_WARN_UNINITIALIZED_AUTOS = YES;
				GCC_WARN_UNUSED_VARIABLE = YES;
				IPHONEOS_DEPLOYMENT_TARGET = 6.0;
				OTHER_CFLAGS = "-DNS_BLOCK_ASSERTIONS=1";
				SDKROOT = iphoneos;
				TARGETED_DEVICE_FAMILY = "1,2";
				VALIDATE_PRODUCT = YES;
			};
			name = Release;
		};
		30FDEC05160C61D9001F1C12 /* Debug */ = {
			isa = XCBuildConfiguration;
			buildSettings = {
				GCC_PRECOMPILE_PREFIX_HEADER = YES;
				GCC_PREFIX_HEADER = "postcards/postcards-Prefix.pch";
				INFOPLIST_FILE = "postcards/postcards-Info.plist";
				IPHONEOS_DEPLOYMENT_TARGET = 4.3;
				PRODUCT_NAME = "$(TARGET_NAME)";
				WRAPPER_EXTENSION = app;
			};
			name = Debug;
		};
		30FDEC06160C61D9001F1C12 /* Release */ = {
			isa = XCBuildConfiguration;
			buildSettings = {
				GCC_PRECOMPILE_PREFIX_HEADER = YES;
				GCC_PREFIX_HEADER = "postcards/postcards-Prefix.pch";
				INFOPLIST_FILE = "postcards/postcards-Info.plist";
				IPHONEOS_DEPLOYMENT_TARGET = 4.3;
				PRODUCT_NAME = "$(TARGET_NAME)";
				WRAPPER_EXTENSION = app;
			};
			name = Release;
		};
/* End XCBuildConfiguration section */

/* Begin XCConfigurationList section */
		30FDEBE0160C61D9001F1C12 /* Build configuration list for PBXProject "postcards" */ = {
			isa = XCConfigurationList;
			buildConfigurations = (
				30FDEC02160C61D9001F1C12 /* Debug */,
				30FDEC03160C61D9001F1C12 /* Release */,
			);
			defaultConfigurationIsVisible = 0;
			defaultConfigurationName = Release;
		};
		30FDEC04160C61D9001F1C12 /* Build configuration list for PBXNativeTarget "postcards" */ = {
			isa = XCConfigurationList;
			buildConfigurations = (
				30FDEC05160C61D9001F1C12 /* Debug */,
				30FDEC06160C61D9001F1C12 /* Release */,
			);
			defaultConfigurationIsVisible = 0;
		};
/* End XCConfigurationList section */
	};
	rootObject = 30FDEBDD160C61D9001F1C12 /* Project object */;
}
